// !$*UTF8*$!
{
	archiveVersion = 1;
	classes = {
	};
	objectVersion = 56;
	objects = {

/* Begin PBXBuildFile section */
		0463F59B2BF9B38D0045CB83 /* thermostatApp.swift in Sources */ = {isa = PBXBuildFile; fileRef = 0463F59A2BF9B38D0045CB83 /* thermostatApp.swift */; };
		0463F59D2BF9B38D0045CB83 /* ContentView.swift in Sources */ = {isa = PBXBuildFile; fileRef = 0463F59C2BF9B38D0045CB83 /* ContentView.swift */; };
		0463F59F2BF9B38F0045CB83 /* Assets.xcassets in Resources */ = {isa = PBXBuildFile; fileRef = 0463F59E2BF9B38F0045CB83 /* Assets.xcassets */; };
		0463F5A22BF9B38F0045CB83 /* Preview Assets.xcassets in Resources */ = {isa = PBXBuildFile; fileRef = 0463F5A12BF9B38F0045CB83 /* Preview Assets.xcassets */; };
		0463F5A82BF9B38F0045CB83 /* thermostat Watch App.app in Embed Watch Content */ = {isa = PBXBuildFile; fileRef = 0463F5A72BF9B38F0045CB83 /* thermostat Watch App.app */; settings = {ATTRIBUTES = (RemoveHeadersOnCopy, ); }; };
		0463F5AD2BF9B38F0045CB83 /* thermostatApp.swift in Sources */ = {isa = PBXBuildFile; fileRef = 0463F5AC2BF9B38F0045CB83 /* thermostatApp.swift */; };
		0463F5AF2BF9B38F0045CB83 /* ContentView.swift in Sources */ = {isa = PBXBuildFile; fileRef = 0463F5AE2BF9B38F0045CB83 /* ContentView.swift */; };
		0463F5B12BF9B3900045CB83 /* Assets.xcassets in Resources */ = {isa = PBXBuildFile; fileRef = 0463F5B02BF9B3900045CB83 /* Assets.xcassets */; };
		0463F5B42BF9B3910045CB83 /* Preview Assets.xcassets in Resources */ = {isa = PBXBuildFile; fileRef = 0463F5B32BF9B3910045CB83 /* Preview Assets.xcassets */; };
		049DDABB2BF9D20B002C3A55 /* SetpointView.swift in Sources */ = {isa = PBXBuildFile; fileRef = 049DDABA2BF9D20B002C3A55 /* SetpointView.swift */; };
		049DDABD2BF9E2C2002C3A55 /* ControlPanel.swift in Sources */ = {isa = PBXBuildFile; fileRef = 049DDABC2BF9E2C2002C3A55 /* ControlPanel.swift */; };
/* End PBXBuildFile section */

/* Begin PBXContainerItemProxy section */
		0463F5A92BF9B38F0045CB83 /* PBXContainerItemProxy */ = {
			isa = PBXContainerItemProxy;
			containerPortal = 0463F58F2BF9B38C0045CB83 /* Project object */;
			proxyType = 1;
			remoteGlobalIDString = 0463F5A62BF9B38F0045CB83;
			remoteInfo = "thermostat Watch App";
		};
/* End PBXContainerItemProxy section */

/* Begin PBXCopyFilesBuildPhase section */
		0463F5BA2BF9B3910045CB83 /* Embed Watch Content */ = {
			isa = PBXCopyFilesBuildPhase;
			buildActionMask = 2147483647;
			dstPath = "$(CONTENTS_FOLDER_PATH)/Watch";
			dstSubfolderSpec = 16;
			files = (
				0463F5A82BF9B38F0045CB83 /* thermostat Watch App.app in Embed Watch Content */,
			);
			name = "Embed Watch Content";
			runOnlyForDeploymentPostprocessing = 0;
		};
/* End PBXCopyFilesBuildPhase section */

/* Begin PBXFileReference section */
		0463F5972BF9B38D0045CB83 /* thermostat.app */ = {isa = PBXFileReference; explicitFileType = wrapper.application; includeInIndex = 0; path = thermostat.app; sourceTree = BUILT_PRODUCTS_DIR; };
		0463F59A2BF9B38D0045CB83 /* thermostatApp.swift */ = {isa = PBXFileReference; lastKnownFileType = sourcecode.swift; path = thermostatApp.swift; sourceTree = "<group>"; };
		0463F59C2BF9B38D0045CB83 /* ContentView.swift */ = {isa = PBXFileReference; lastKnownFileType = sourcecode.swift; path = ContentView.swift; sourceTree = "<group>"; };
		0463F59E2BF9B38F0045CB83 /* Assets.xcassets */ = {isa = PBXFileReference; lastKnownFileType = folder.assetcatalog; path = Assets.xcassets; sourceTree = "<group>"; };
		0463F5A12BF9B38F0045CB83 /* Preview Assets.xcassets */ = {isa = PBXFileReference; lastKnownFileType = folder.assetcatalog; path = "Preview Assets.xcassets"; sourceTree = "<group>"; };
		0463F5A72BF9B38F0045CB83 /* thermostat Watch App.app */ = {isa = PBXFileReference; explicitFileType = wrapper.application; includeInIndex = 0; path = "thermostat Watch App.app"; sourceTree = BUILT_PRODUCTS_DIR; };
		0463F5AC2BF9B38F0045CB83 /* thermostatApp.swift */ = {isa = PBXFileReference; lastKnownFileType = sourcecode.swift; path = thermostatApp.swift; sourceTree = "<group>"; };
		0463F5AE2BF9B38F0045CB83 /* ContentView.swift */ = {isa = PBXFileReference; lastKnownFileType = sourcecode.swift; path = ContentView.swift; sourceTree = "<group>"; };
		0463F5B02BF9B3900045CB83 /* Assets.xcassets */ = {isa = PBXFileReference; lastKnownFileType = folder.assetcatalog; path = Assets.xcassets; sourceTree = "<group>"; };
		0463F5B32BF9B3910045CB83 /* Preview Assets.xcassets */ = {isa = PBXFileReference; lastKnownFileType = folder.assetcatalog; path = "Preview Assets.xcassets"; sourceTree = "<group>"; };
		049DDABA2BF9D20B002C3A55 /* SetpointView.swift */ = {isa = PBXFileReference; lastKnownFileType = sourcecode.swift; path = SetpointView.swift; sourceTree = "<group>"; };
		049DDABC2BF9E2C2002C3A55 /* ControlPanel.swift */ = {isa = PBXFileReference; lastKnownFileType = sourcecode.swift; path = ControlPanel.swift; sourceTree = "<group>"; };
/* End PBXFileReference section */

/* Begin PBXFrameworksBuildPhase section */
		0463F5942BF9B38D0045CB83 /* Frameworks */ = {
			isa = PBXFrameworksBuildPhase;
			buildActionMask = 2147483647;
			files = (
			);
			runOnlyForDeploymentPostprocessing = 0;
		};
		0463F5A42BF9B38F0045CB83 /* Frameworks */ = {
			isa = PBXFrameworksBuildPhase;
			buildActionMask = 2147483647;
			files = (
			);
			runOnlyForDeploymentPostprocessing = 0;
		};
/* End PBXFrameworksBuildPhase section */

/* Begin PBXGroup section */
		0463F58E2BF9B38C0045CB83 = {
			isa = PBXGroup;
			children = (
				0463F5992BF9B38D0045CB83 /* thermostat */,
				0463F5AB2BF9B38F0045CB83 /* thermostat Watch App */,
				0463F5982BF9B38D0045CB83 /* Products */,
			);
			sourceTree = "<group>";
		};
		0463F5982BF9B38D0045CB83 /* Products */ = {
			isa = PBXGroup;
			children = (
				0463F5972BF9B38D0045CB83 /* thermostat.app */,
				0463F5A72BF9B38F0045CB83 /* thermostat Watch App.app */,
			);
			name = Products;
			sourceTree = "<group>";
		};
		0463F5992BF9B38D0045CB83 /* thermostat */ = {
			isa = PBXGroup;
			children = (
				0463F59A2BF9B38D0045CB83 /* thermostatApp.swift */,
				0463F59C2BF9B38D0045CB83 /* ContentView.swift */,
				049DDABC2BF9E2C2002C3A55 /* ControlPanel.swift */,
				049DDABA2BF9D20B002C3A55 /* SetpointView.swift */,
				0463F59E2BF9B38F0045CB83 /* Assets.xcassets */,
				0463F5A02BF9B38F0045CB83 /* Preview Content */,
			);
			path = thermostat;
			sourceTree = "<group>";
		};
		0463F5A02BF9B38F0045CB83 /* Preview Content */ = {
			isa = PBXGroup;
			children = (
				0463F5A12BF9B38F0045CB83 /* Preview Assets.xcassets */,
			);
			path = "Preview Content";
			sourceTree = "<group>";
		};
		0463F5AB2BF9B38F0045CB83 /* thermostat Watch App */ = {
			isa = PBXGroup;
			children = (
				0463F5AC2BF9B38F0045CB83 /* thermostatApp.swift */,
				0463F5AE2BF9B38F0045CB83 /* ContentView.swift */,
				0463F5B02BF9B3900045CB83 /* Assets.xcassets */,
				0463F5B22BF9B3910045CB83 /* Preview Content */,
			);
			path = "thermostat Watch App";
			sourceTree = "<group>";
		};
		0463F5B22BF9B3910045CB83 /* Preview Content */ = {
			isa = PBXGroup;
			children = (
				0463F5B32BF9B3910045CB83 /* Preview Assets.xcassets */,
			);
			path = "Preview Content";
			sourceTree = "<group>";
		};
/* End PBXGroup section */

/* Begin PBXNativeTarget section */
		0463F5962BF9B38D0045CB83 /* thermostat */ = {
			isa = PBXNativeTarget;
			buildConfigurationList = 0463F5BB2BF9B3910045CB83 /* Build configuration list for PBXNativeTarget "thermostat" */;
			buildPhases = (
				0463F5932BF9B38D0045CB83 /* Sources */,
				0463F5942BF9B38D0045CB83 /* Frameworks */,
				0463F5952BF9B38D0045CB83 /* Resources */,
				0463F5BA2BF9B3910045CB83 /* Embed Watch Content */,
			);
			buildRules = (
			);
			dependencies = (
				0463F5AA2BF9B38F0045CB83 /* PBXTargetDependency */,
			);
			name = thermostat;
			productName = thermostat;
			productReference = 0463F5972BF9B38D0045CB83 /* thermostat.app */;
			productType = "com.apple.product-type.application";
		};
		0463F5A62BF9B38F0045CB83 /* thermostat Watch App */ = {
			isa = PBXNativeTarget;
			buildConfigurationList = 0463F5B72BF9B3910045CB83 /* Build configuration list for PBXNativeTarget "thermostat Watch App" */;
			buildPhases = (
				0463F5A32BF9B38F0045CB83 /* Sources */,
				0463F5A42BF9B38F0045CB83 /* Frameworks */,
				0463F5A52BF9B38F0045CB83 /* Resources */,
			);
			buildRules = (
			);
			dependencies = (
			);
			name = "thermostat Watch App";
			productName = "thermostat Watch App";
			productReference = 0463F5A72BF9B38F0045CB83 /* thermostat Watch App.app */;
			productType = "com.apple.product-type.application";
		};
/* End PBXNativeTarget section */

/* Begin PBXProject section */
		0463F58F2BF9B38C0045CB83 /* Project object */ = {
			isa = PBXProject;
			attributes = {
				BuildIndependentTargetsInParallel = 1;
				LastSwiftUpdateCheck = 1540;
				LastUpgradeCheck = 1540;
				TargetAttributes = {
					0463F5962BF9B38D0045CB83 = {
						CreatedOnToolsVersion = 15.4;
					};
					0463F5A62BF9B38F0045CB83 = {
						CreatedOnToolsVersion = 15.4;
					};
				};
			};
			buildConfigurationList = 0463F5922BF9B38C0045CB83 /* Build configuration list for PBXProject "thermostat" */;
			compatibilityVersion = "Xcode 14.0";
			developmentRegion = en;
			hasScannedForEncodings = 0;
			knownRegions = (
				en,
				Base,
			);
			mainGroup = 0463F58E2BF9B38C0045CB83;
			productRefGroup = 0463F5982BF9B38D0045CB83 /* Products */;
			projectDirPath = "";
			projectRoot = "";
			targets = (
				0463F5962BF9B38D0045CB83 /* thermostat */,
				0463F5A62BF9B38F0045CB83 /* thermostat Watch App */,
			);
		};
/* End PBXProject section */

/* Begin PBXResourcesBuildPhase section */
		0463F5952BF9B38D0045CB83 /* Resources */ = {
			isa = PBXResourcesBuildPhase;
			buildActionMask = 2147483647;
			files = (
				0463F5A22BF9B38F0045CB83 /* Preview Assets.xcassets in Resources */,
				0463F59F2BF9B38F0045CB83 /* Assets.xcassets in Resources */,
			);
			runOnlyForDeploymentPostprocessing = 0;
		};
		0463F5A52BF9B38F0045CB83 /* Resources */ = {
			isa = PBXResourcesBuildPhase;
			buildActionMask = 2147483647;
			files = (
				0463F5B42BF9B3910045CB83 /* Preview Assets.xcassets in Resources */,
				0463F5B12BF9B3900045CB83 /* Assets.xcassets in Resources */,
			);
			runOnlyForDeploymentPostprocessing = 0;
		};
/* End PBXResourcesBuildPhase section */

/* Begin PBXSourcesBuildPhase section */
		0463F5932BF9B38D0045CB83 /* Sources */ = {
			isa = PBXSourcesBuildPhase;
			buildActionMask = 2147483647;
			files = (
				0463F59D2BF9B38D0045CB83 /* ContentView.swift in Sources */,
				049DDABD2BF9E2C2002C3A55 /* ControlPanel.swift in Sources */,
				049DDABB2BF9D20B002C3A55 /* SetpointView.swift in Sources */,
				0463F59B2BF9B38D0045CB83 /* thermostatApp.swift in Sources */,
			);
			runOnlyForDeploymentPostprocessing = 0;
		};
		0463F5A32BF9B38F0045CB83 /* Sources */ = {
			isa = PBXSourcesBuildPhase;
			buildActionMask = 2147483647;
			files = (
				0463F5AF2BF9B38F0045CB83 /* ContentView.swift in Sources */,
				0463F5AD2BF9B38F0045CB83 /* thermostatApp.swift in Sources */,
			);
			runOnlyForDeploymentPostprocessing = 0;
		};
/* End PBXSourcesBuildPhase section */

/* Begin PBXTargetDependency section */
		0463F5AA2BF9B38F0045CB83 /* PBXTargetDependency */ = {
			isa = PBXTargetDependency;
			target = 0463F5A62BF9B38F0045CB83 /* thermostat Watch App */;
			targetProxy = 0463F5A92BF9B38F0045CB83 /* PBXContainerItemProxy */;
		};
/* End PBXTargetDependency section */

/* Begin XCBuildConfiguration section */
		0463F5B52BF9B3910045CB83 /* Debug */ = {
			isa = XCBuildConfiguration;
			buildSettings = {
				ALWAYS_SEARCH_USER_PATHS = NO;
				ASSETCATALOG_COMPILER_GENERATE_SWIFT_ASSET_SYMBOL_EXTENSIONS = YES;
				CLANG_ANALYZER_NONNULL = YES;
				CLANG_ANALYZER_NUMBER_OBJECT_CONVERSION = YES_AGGRESSIVE;
				CLANG_CXX_LANGUAGE_STANDARD = "gnu++20";
				CLANG_ENABLE_MODULES = YES;
				CLANG_ENABLE_OBJC_ARC = YES;
				CLANG_ENABLE_OBJC_WEAK = YES;
				CLANG_WARN_BLOCK_CAPTURE_AUTORELEASING = YES;
				CLANG_WARN_BOOL_CONVERSION = YES;
				CLANG_WARN_COMMA = YES;
				CLANG_WARN_CONSTANT_CONVERSION = YES;
				CLANG_WARN_DEPRECATED_OBJC_IMPLEMENTATIONS = YES;
				CLANG_WARN_DIRECT_OBJC_ISA_USAGE = YES_ERROR;
				CLANG_WARN_DOCUMENTATION_COMMENTS = YES;
				CLANG_WARN_EMPTY_BODY = YES;
				CLANG_WARN_ENUM_CONVERSION = YES;
				CLANG_WARN_INFINITE_RECURSION = YES;
				CLANG_WARN_INT_CONVERSION = YES;
				CLANG_WARN_NON_LITERAL_NULL_CONVERSION = YES;
				CLANG_WARN_OBJC_IMPLICIT_RETAIN_SELF = YES;
				CLANG_WARN_OBJC_LITERAL_CONVERSION = YES;
				CLANG_WARN_OBJC_ROOT_CLASS = YES_ERROR;
				CLANG_WARN_QUOTED_INCLUDE_IN_FRAMEWORK_HEADER = YES;
				CLANG_WARN_RANGE_LOOP_ANALYSIS = YES;
				CLANG_WARN_STRICT_PROTOTYPES = YES;
				CLANG_WARN_SUSPICIOUS_MOVE = YES;
				CLANG_WARN_UNGUARDED_AVAILABILITY = YES_AGGRESSIVE;
				CLANG_WARN_UNREACHABLE_CODE = YES;
				CLANG_WARN__DUPLICATE_METHOD_MATCH = YES;
				COPY_PHASE_STRIP = NO;
				DEBUG_INFORMATION_FORMAT = dwarf;
				ENABLE_STRICT_OBJC_MSGSEND = YES;
				ENABLE_TESTABILITY = YES;
				ENABLE_USER_SCRIPT_SANDBOXING = YES;
				GCC_C_LANGUAGE_STANDARD = gnu17;
				GCC_DYNAMIC_NO_PIC = NO;
				GCC_NO_COMMON_BLOCKS = YES;
				GCC_OPTIMIZATION_LEVEL = 0;
				GCC_PREPROCESSOR_DEFINITIONS = (
					"DEBUG=1",
					"$(inherited)",
				);
				GCC_WARN_64_TO_32_BIT_CONVERSION = YES;
				GCC_WARN_ABOUT_RETURN_TYPE = YES_ERROR;
				GCC_WARN_UNDECLARED_SELECTOR = YES;
				GCC_WARN_UNINITIALIZED_AUTOS = YES_AGGRESSIVE;
				GCC_WARN_UNUSED_FUNCTION = YES;
				GCC_WARN_UNUSED_VARIABLE = YES;
				LOCALIZATION_PREFERS_STRING_CATALOGS = YES;
				MTL_ENABLE_DEBUG_INFO = INCLUDE_SOURCE;
				MTL_FAST_MATH = YES;
				ONLY_ACTIVE_ARCH = YES;
				SWIFT_ACTIVE_COMPILATION_CONDITIONS = "DEBUG $(inherited)";
				SWIFT_OPTIMIZATION_LEVEL = "-Onone";
			};
			name = Debug;
		};
		0463F5B62BF9B3910045CB83 /* Release */ = {
			isa = XCBuildConfiguration;
			buildSettings = {
				ALWAYS_SEARCH_USER_PATHS = NO;
				ASSETCATALOG_COMPILER_GENERATE_SWIFT_ASSET_SYMBOL_EXTENSIONS = YES;
				CLANG_ANALYZER_NONNULL = YES;
				CLANG_ANALYZER_NUMBER_OBJECT_CONVERSION = YES_AGGRESSIVE;
				CLANG_CXX_LANGUAGE_STANDARD = "gnu++20";
				CLANG_ENABLE_MODULES = YES;
				CLANG_ENABLE_OBJC_ARC = YES;
				CLANG_ENABLE_OBJC_WEAK = YES;
				CLANG_WARN_BLOCK_CAPTURE_AUTORELEASING = YES;
				CLANG_WARN_BOOL_CONVERSION = YES;
				CLANG_WARN_COMMA = YES;
				CLANG_WARN_CONSTANT_CONVERSION = YES;
				CLANG_WARN_DEPRECATED_OBJC_IMPLEMENTATIONS = YES;
				CLANG_WARN_DIRECT_OBJC_ISA_USAGE = YES_ERROR;
				CLANG_WARN_DOCUMENTATION_COMMENTS = YES;
				CLANG_WARN_EMPTY_BODY = YES;
				CLANG_WARN_ENUM_CONVERSION = YES;
				CLANG_WARN_INFINITE_RECURSION = YES;
				CLANG_WARN_INT_CONVERSION = YES;
				CLANG_WARN_NON_LITERAL_NULL_CONVERSION = YES;
				CLANG_WARN_OBJC_IMPLICIT_RETAIN_SELF = YES;
				CLANG_WARN_OBJC_LITERAL_CONVERSION = YES;
				CLANG_WARN_OBJC_ROOT_CLASS = YES_ERROR;
				CLANG_WARN_QUOTED_INCLUDE_IN_FRAMEWORK_HEADER = YES;
				CLANG_WARN_RANGE_LOOP_ANALYSIS = YES;
				CLANG_WARN_STRICT_PROTOTYPES = YES;
				CLANG_WARN_SUSPICIOUS_MOVE = YES;
				CLANG_WARN_UNGUARDED_AVAILABILITY = YES_AGGRESSIVE;
				CLANG_WARN_UNREACHABLE_CODE = YES;
				CLANG_WARN__DUPLICATE_METHOD_MATCH = YES;
				COPY_PHASE_STRIP = NO;
				DEBUG_INFORMATION_FORMAT = "dwarf-with-dsym";
				ENABLE_NS_ASSERTIONS = NO;
				ENABLE_STRICT_OBJC_MSGSEND = YES;
				ENABLE_USER_SCRIPT_SANDBOXING = YES;
				GCC_C_LANGUAGE_STANDARD = gnu17;
				GCC_NO_COMMON_BLOCKS = YES;
				GCC_WARN_64_TO_32_BIT_CONVERSION = YES;
				GCC_WARN_ABOUT_RETURN_TYPE = YES_ERROR;
				GCC_WARN_UNDECLARED_SELECTOR = YES;
				GCC_WARN_UNINITIALIZED_AUTOS = YES_AGGRESSIVE;
				GCC_WARN_UNUSED_FUNCTION = YES;
				GCC_WARN_UNUSED_VARIABLE = YES;
				LOCALIZATION_PREFERS_STRING_CATALOGS = YES;
				MTL_ENABLE_DEBUG_INFO = NO;
				MTL_FAST_MATH = YES;
				SWIFT_COMPILATION_MODE = wholemodule;
			};
			name = Release;
		};
		0463F5B82BF9B3910045CB83 /* Debug */ = {
			isa = XCBuildConfiguration;
			buildSettings = {
				ASSETCATALOG_COMPILER_APPICON_NAME = AppIcon;
				ASSETCATALOG_COMPILER_GLOBAL_ACCENT_COLOR_NAME = AccentColor;
				CODE_SIGN_STYLE = Automatic;
				CURRENT_PROJECT_VERSION = 1;
				DEVELOPMENT_ASSET_PATHS = "\"thermostat Watch App/Preview Content\"";
				DEVELOPMENT_TEAM = R89BF6GQ9H;
				ENABLE_PREVIEWS = YES;
				GENERATE_INFOPLIST_FILE = YES;
				INFOPLIST_KEY_CFBundleDisplayName = thermostat;
				INFOPLIST_KEY_UISupportedInterfaceOrientations = "UIInterfaceOrientationPortrait UIInterfaceOrientationPortraitUpsideDown";
				INFOPLIST_KEY_WKCompanionAppBundleIdentifier = jackw2.thermostat;
				LD_RUNPATH_SEARCH_PATHS = (
					"$(inherited)",
					"@executable_path/Frameworks",
				);
				MARKETING_VERSION = 1.0;
				PRODUCT_BUNDLE_IDENTIFIER = jackw2.thermostat.watchkitapp;
				PRODUCT_NAME = "$(TARGET_NAME)";
				SDKROOT = watchos;
				SKIP_INSTALL = YES;
				SWIFT_EMIT_LOC_STRINGS = YES;
				SWIFT_VERSION = 5.0;
				TARGETED_DEVICE_FAMILY = 4;
				WATCHOS_DEPLOYMENT_TARGET = 10.5;
			};
			name = Debug;
		};
		0463F5B92BF9B3910045CB83 /* Release */ = {
			isa = XCBuildConfiguration;
			buildSettings = {
				ASSETCATALOG_COMPILER_APPICON_NAME = AppIcon;
				ASSETCATALOG_COMPILER_GLOBAL_ACCENT_COLOR_NAME = AccentColor;
				CODE_SIGN_STYLE = Automatic;
				CURRENT_PROJECT_VERSION = 1;
				DEVELOPMENT_ASSET_PATHS = "\"thermostat Watch App/Preview Content\"";
				DEVELOPMENT_TEAM = R89BF6GQ9H;
				ENABLE_PREVIEWS = YES;
				GENERATE_INFOPLIST_FILE = YES;
				INFOPLIST_KEY_CFBundleDisplayName = thermostat;
				INFOPLIST_KEY_UISupportedInterfaceOrientations = "UIInterfaceOrientationPortrait UIInterfaceOrientationPortraitUpsideDown";
				INFOPLIST_KEY_WKCompanionAppBundleIdentifier = jackw2.thermostat;
				LD_RUNPATH_SEARCH_PATHS = (
					"$(inherited)",
					"@executable_path/Frameworks",
				);
				MARKETING_VERSION = 1.0;
				PRODUCT_BUNDLE_IDENTIFIER = jackw2.thermostat.watchkitapp;
				PRODUCT_NAME = "$(TARGET_NAME)";
				SDKROOT = watchos;
				SKIP_INSTALL = YES;
				SWIFT_EMIT_LOC_STRINGS = YES;
				SWIFT_VERSION = 5.0;
				TARGETED_DEVICE_FAMILY = 4;
				VALIDATE_PRODUCT = YES;
				WATCHOS_DEPLOYMENT_TARGET = 10.5;
			};
			name = Release;
		};
		0463F5BC2BF9B3910045CB83 /* Debug */ = {
			isa = XCBuildConfiguration;
			buildSettings = {
				ALWAYS_EMBED_SWIFT_STANDARD_LIBRARIES = YES;
				ASSETCATALOG_COMPILER_APPICON_NAME = AppIcon;
				ASSETCATALOG_COMPILER_GLOBAL_ACCENT_COLOR_NAME = AccentColor;
				CODE_SIGN_STYLE = Automatic;
				CURRENT_PROJECT_VERSION = 1;
				DEVELOPMENT_ASSET_PATHS = "\"thermostat/Preview Content\"";
				DEVELOPMENT_TEAM = R89BF6GQ9H;
				ENABLE_PREVIEWS = YES;
				GENERATE_INFOPLIST_FILE = YES;
				INFOPLIST_KEY_CFBundleDisplayName = thermostat;
				INFOPLIST_KEY_UIApplicationSceneManifest_Generation = YES;
				INFOPLIST_KEY_UIApplicationSupportsIndirectInputEvents = YES;
				INFOPLIST_KEY_UILaunchScreen_Generation = YES;
				INFOPLIST_KEY_UISupportedInterfaceOrientations_iPad = "UIInterfaceOrientationPortrait UIInterfaceOrientationPortraitUpsideDown UIInterfaceOrientationLandscapeLeft UIInterfaceOrientationLandscapeRight";
				INFOPLIST_KEY_UISupportedInterfaceOrientations_iPhone = "UIInterfaceOrientationPortrait UIInterfaceOrientationLandscapeLeft UIInterfaceOrientationLandscapeRight";
				IPHONEOS_DEPLOYMENT_TARGET = 17.5;
				LD_RUNPATH_SEARCH_PATHS = (
					"$(inherited)",
					"@executable_path/Frameworks",
				);
				MARKETING_VERSION = 1.0;
				PRODUCT_BUNDLE_IDENTIFIER = jackw2.thermostat;
				PRODUCT_NAME = "$(TARGET_NAME)";
				SDKROOT = iphoneos;
				SWIFT_EMIT_LOC_STRINGS = YES;
				SWIFT_VERSION = 5.0;
				TARGETED_DEVICE_FAMILY = "1,2";
			};
			name = Debug;
		};
		0463F5BD2BF9B3910045CB83 /* Release */ = {
			isa = XCBuildConfiguration;
			buildSettings = {
				ALWAYS_EMBED_SWIFT_STANDARD_LIBRARIES = YES;
				ASSETCATALOG_COMPILER_APPICON_NAME = AppIcon;
				ASSETCATALOG_COMPILER_GLOBAL_ACCENT_COLOR_NAME = AccentColor;
				CODE_SIGN_STYLE = Automatic;
				CURRENT_PROJECT_VERSION = 1;
				DEVELOPMENT_ASSET_PATHS = "\"thermostat/Preview Content\"";
				DEVELOPMENT_TEAM = R89BF6GQ9H;
				ENABLE_PREVIEWS = YES;
				GENERATE_INFOPLIST_FILE = YES;
				INFOPLIST_KEY_CFBundleDisplayName = thermostat;
				INFOPLIST_KEY_UIApplicationSceneManifest_Generation = YES;
				INFOPLIST_KEY_UIApplicationSupportsIndirectInputEvents = YES;
				INFOPLIST_KEY_UILaunchScreen_Generation = YES;
				INFOPLIST_KEY_UISupportedInterfaceOrientations_iPad = "UIInterfaceOrientationPortrait UIInterfaceOrientationPortraitUpsideDown UIInterfaceOrientationLandscapeLeft UIInterfaceOrientationLandscapeRight";
				INFOPLIST_KEY_UISupportedInterfaceOrientations_iPhone = "UIInterfaceOrientationPortrait UIInterfaceOrientationLandscapeLeft UIInterfaceOrientationLandscapeRight";
				IPHONEOS_DEPLOYMENT_TARGET = 17.5;
				LD_RUNPATH_SEARCH_PATHS = (
					"$(inherited)",
					"@executable_path/Frameworks",
				);
				MARKETING_VERSION = 1.0;
				PRODUCT_BUNDLE_IDENTIFIER = jackw2.thermostat;
				PRODUCT_NAME = "$(TARGET_NAME)";
				SDKROOT = iphoneos;
				SWIFT_EMIT_LOC_STRINGS = YES;
				SWIFT_VERSION = 5.0;
				TARGETED_DEVICE_FAMILY = "1,2";
				VALIDATE_PRODUCT = YES;
			};
			name = Release;
		};
/* End XCBuildConfiguration section */

/* Begin XCConfigurationList section */
		0463F5922BF9B38C0045CB83 /* Build configuration list for PBXProject "thermostat" */ = {
			isa = XCConfigurationList;
			buildConfigurations = (
				0463F5B52BF9B3910045CB83 /* Debug */,
				0463F5B62BF9B3910045CB83 /* Release */,
			);
			defaultConfigurationIsVisible = 0;
			defaultConfigurationName = Release;
		};
		0463F5B72BF9B3910045CB83 /* Build configuration list for PBXNativeTarget "thermostat Watch App" */ = {
			isa = XCConfigurationList;
			buildConfigurations = (
				0463F5B82BF9B3910045CB83 /* Debug */,
				0463F5B92BF9B3910045CB83 /* Release */,
			);
			defaultConfigurationIsVisible = 0;
			defaultConfigurationName = Release;
		};
		0463F5BB2BF9B3910045CB83 /* Build configuration list for PBXNativeTarget "thermostat" */ = {
			isa = XCConfigurationList;
			buildConfigurations = (
				0463F5BC2BF9B3910045CB83 /* Debug */,
				0463F5BD2BF9B3910045CB83 /* Release */,
			);
			defaultConfigurationIsVisible = 0;
			defaultConfigurationName = Release;
		};
/* End XCConfigurationList section */
	};
	rootObject = 0463F58F2BF9B38C0045CB83 /* Project object */;
}
