// !$*UTF8*$!
{
	archiveVersion = 1;
	classes = {
	};
	objectVersion = 56;
	objects = {

/* Begin PBXBuildFile section */
		040A97062C0E91E90033D05E /* AddressSearchView.swift in Sources */ = {isa = PBXBuildFile; fileRef = 040A97052C0E91E90033D05E /* AddressSearchView.swift */; };
		0422F7D42C0E957100E90FF3 /* LocationService.swift in Sources */ = {isa = PBXBuildFile; fileRef = 0422F7D32C0E957100E90FF3 /* LocationService.swift */; };
		0422F7D62C0E95C500E90FF3 /* SearchResultsView.swift in Sources */ = {isa = PBXBuildFile; fileRef = 0422F7D52C0E95C500E90FF3 /* SearchResultsView.swift */; };
		0422F7DA2C0E970300E90FF3 /* StepperView.swift in Sources */ = {isa = PBXBuildFile; fileRef = 0422F7D92C0E970300E90FF3 /* StepperView.swift */; };
		0422F7DC2C0EA61D00E90FF3 /* ConnectionIndicatorView.swift in Sources */ = {isa = PBXBuildFile; fileRef = 0422F7DB2C0EA61D00E90FF3 /* ConnectionIndicatorView.swift */; };
		0422F7DE2C0EA8B900E90FF3 /* ThermostatModel.swift in Sources */ = {isa = PBXBuildFile; fileRef = 0422F7DD2C0EA8B800E90FF3 /* ThermostatModel.swift */; };
		0422F7E12C0EAAE000E90FF3 /* Alamofire in Frameworks */ = {isa = PBXBuildFile; productRef = 0422F7E02C0EAAE000E90FF3 /* Alamofire */; };
		04A903692C0E753F008F0BF2 /* thermostatApp.swift in Sources */ = {isa = PBXBuildFile; fileRef = 04A903682C0E753F008F0BF2 /* thermostatApp.swift */; };
		04A9036B2C0E753F008F0BF2 /* ContentView.swift in Sources */ = {isa = PBXBuildFile; fileRef = 04A9036A2C0E753F008F0BF2 /* ContentView.swift */; };
		04A9036D2C0E7540008F0BF2 /* Assets.xcassets in Resources */ = {isa = PBXBuildFile; fileRef = 04A9036C2C0E7540008F0BF2 /* Assets.xcassets */; };
		04A903702C0E7540008F0BF2 /* Preview Assets.xcassets in Resources */ = {isa = PBXBuildFile; fileRef = 04A9036F2C0E7540008F0BF2 /* Preview Assets.xcassets */; };
		04A903762C0E7540008F0BF2 /* thermostat Watch App.app in Embed Watch Content */ = {isa = PBXBuildFile; fileRef = 04A903752C0E7540008F0BF2 /* thermostat Watch App.app */; settings = {ATTRIBUTES = (RemoveHeadersOnCopy, ); }; };
		04A9037B2C0E7540008F0BF2 /* thermostatApp.swift in Sources */ = {isa = PBXBuildFile; fileRef = 04A9037A2C0E7540008F0BF2 /* thermostatApp.swift */; };
		04A9037D2C0E7540008F0BF2 /* ContentView.swift in Sources */ = {isa = PBXBuildFile; fileRef = 04A9037C2C0E7540008F0BF2 /* ContentView.swift */; };
		04A9037F2C0E7541008F0BF2 /* Assets.xcassets in Resources */ = {isa = PBXBuildFile; fileRef = 04A9037E2C0E7541008F0BF2 /* Assets.xcassets */; };
		04A903822C0E7541008F0BF2 /* Preview Assets.xcassets in Resources */ = {isa = PBXBuildFile; fileRef = 04A903812C0E7541008F0BF2 /* Preview Assets.xcassets */; };
		04A9038E2C0E77F6008F0BF2 /* Model.swift in Sources */ = {isa = PBXBuildFile; fileRef = 04A9038D2C0E77F6008F0BF2 /* Model.swift */; };
		04A903902C0E78CA008F0BF2 /* SettingsModel.swift in Sources */ = {isa = PBXBuildFile; fileRef = 04A9038F2C0E78CA008F0BF2 /* SettingsModel.swift */; };
		04A903952C0E8381008F0BF2 /* ControlPanelView.swift in Sources */ = {isa = PBXBuildFile; fileRef = 04A903942C0E8381008F0BF2 /* ControlPanelView.swift */; };
		04A903972C0E83F5008F0BF2 /* MapOverwatchView.swift in Sources */ = {isa = PBXBuildFile; fileRef = 04A903962C0E83F5008F0BF2 /* MapOverwatchView.swift */; };
		04A903992C0E8417008F0BF2 /* SettingsPanelView.swift in Sources */ = {isa = PBXBuildFile; fileRef = 04A903982C0E8417008F0BF2 /* SettingsPanelView.swift */; };
		04A9039C2C0E84B0008F0BF2 /* ThermostatEnums.swift in Sources */ = {isa = PBXBuildFile; fileRef = 04A9039B2C0E84B0008F0BF2 /* ThermostatEnums.swift */; };
/* End PBXBuildFile section */

/* Begin PBXContainerItemProxy section */
		04A903772C0E7540008F0BF2 /* PBXContainerItemProxy */ = {
			isa = PBXContainerItemProxy;
			containerPortal = 04A9035D2C0E753E008F0BF2 /* Project object */;
			proxyType = 1;
			remoteGlobalIDString = 04A903742C0E7540008F0BF2;
			remoteInfo = "thermostat Watch App";
		};
/* End PBXContainerItemProxy section */

/* Begin PBXCopyFilesBuildPhase section */
		04A903882C0E7541008F0BF2 /* Embed Watch Content */ = {
			isa = PBXCopyFilesBuildPhase;
			buildActionMask = 2147483647;
			dstPath = "$(CONTENTS_FOLDER_PATH)/Watch";
			dstSubfolderSpec = 16;
			files = (
				04A903762C0E7540008F0BF2 /* thermostat Watch App.app in Embed Watch Content */,
			);
			name = "Embed Watch Content";
			runOnlyForDeploymentPostprocessing = 0;
		};
/* End PBXCopyFilesBuildPhase section */

/* Begin PBXFileReference section */
		040A97052C0E91E90033D05E /* AddressSearchView.swift */ = {isa = PBXFileReference; fileEncoding = 4; lastKnownFileType = sourcecode.swift; path = AddressSearchView.swift; sourceTree = "<group>"; };
		0422F7D32C0E957100E90FF3 /* LocationService.swift */ = {isa = PBXFileReference; fileEncoding = 4; lastKnownFileType = sourcecode.swift; path = LocationService.swift; sourceTree = "<group>"; };
		0422F7D52C0E95C500E90FF3 /* SearchResultsView.swift */ = {isa = PBXFileReference; fileEncoding = 4; lastKnownFileType = sourcecode.swift; path = SearchResultsView.swift; sourceTree = "<group>"; };
		0422F7D92C0E970300E90FF3 /* StepperView.swift */ = {isa = PBXFileReference; fileEncoding = 4; lastKnownFileType = sourcecode.swift; path = StepperView.swift; sourceTree = "<group>"; };
		0422F7DB2C0EA61D00E90FF3 /* ConnectionIndicatorView.swift */ = {isa = PBXFileReference; lastKnownFileType = sourcecode.swift; path = ConnectionIndicatorView.swift; sourceTree = "<group>"; };
		0422F7DD2C0EA8B800E90FF3 /* ThermostatModel.swift */ = {isa = PBXFileReference; lastKnownFileType = sourcecode.swift; path = ThermostatModel.swift; sourceTree = "<group>"; };
		04A903652C0E753F008F0BF2 /* thermostat.app */ = {isa = PBXFileReference; explicitFileType = wrapper.application; includeInIndex = 0; path = thermostat.app; sourceTree = BUILT_PRODUCTS_DIR; };
		04A903682C0E753F008F0BF2 /* thermostatApp.swift */ = {isa = PBXFileReference; lastKnownFileType = sourcecode.swift; path = thermostatApp.swift; sourceTree = "<group>"; };
		04A9036A2C0E753F008F0BF2 /* ContentView.swift */ = {isa = PBXFileReference; lastKnownFileType = sourcecode.swift; path = ContentView.swift; sourceTree = "<group>"; };
		04A9036C2C0E7540008F0BF2 /* Assets.xcassets */ = {isa = PBXFileReference; lastKnownFileType = folder.assetcatalog; path = Assets.xcassets; sourceTree = "<group>"; };
		04A9036F2C0E7540008F0BF2 /* Preview Assets.xcassets */ = {isa = PBXFileReference; lastKnownFileType = folder.assetcatalog; path = "Preview Assets.xcassets"; sourceTree = "<group>"; };
		04A903752C0E7540008F0BF2 /* thermostat Watch App.app */ = {isa = PBXFileReference; explicitFileType = wrapper.application; includeInIndex = 0; path = "thermostat Watch App.app"; sourceTree = BUILT_PRODUCTS_DIR; };
		04A9037A2C0E7540008F0BF2 /* thermostatApp.swift */ = {isa = PBXFileReference; lastKnownFileType = sourcecode.swift; path = thermostatApp.swift; sourceTree = "<group>"; };
		04A9037C2C0E7540008F0BF2 /* ContentView.swift */ = {isa = PBXFileReference; lastKnownFileType = sourcecode.swift; path = ContentView.swift; sourceTree = "<group>"; };
		04A9037E2C0E7541008F0BF2 /* Assets.xcassets */ = {isa = PBXFileReference; lastKnownFileType = folder.assetcatalog; path = Assets.xcassets; sourceTree = "<group>"; };
		04A903812C0E7541008F0BF2 /* Preview Assets.xcassets */ = {isa = PBXFileReference; lastKnownFileType = folder.assetcatalog; path = "Preview Assets.xcassets"; sourceTree = "<group>"; };
		04A9038D2C0E77F6008F0BF2 /* Model.swift */ = {isa = PBXFileReference; lastKnownFileType = sourcecode.swift; path = Model.swift; sourceTree = "<group>"; };
		04A9038F2C0E78CA008F0BF2 /* SettingsModel.swift */ = {isa = PBXFileReference; lastKnownFileType = sourcecode.swift; path = SettingsModel.swift; sourceTree = "<group>"; };
		04A903942C0E8381008F0BF2 /* ControlPanelView.swift */ = {isa = PBXFileReference; fileEncoding = 4; lastKnownFileType = sourcecode.swift; path = ControlPanelView.swift; sourceTree = "<group>"; };
		04A903962C0E83F5008F0BF2 /* MapOverwatchView.swift */ = {isa = PBXFileReference; fileEncoding = 4; lastKnownFileType = sourcecode.swift; path = MapOverwatchView.swift; sourceTree = "<group>"; };
		04A903982C0E8417008F0BF2 /* SettingsPanelView.swift */ = {isa = PBXFileReference; fileEncoding = 4; lastKnownFileType = sourcecode.swift; path = SettingsPanelView.swift; sourceTree = "<group>"; };
		04A9039B2C0E84B0008F0BF2 /* ThermostatEnums.swift */ = {isa = PBXFileReference; fileEncoding = 4; lastKnownFileType = sourcecode.swift; path = ThermostatEnums.swift; sourceTree = "<group>"; };
/* End PBXFileReference section */

/* Begin PBXFrameworksBuildPhase section */
		04A903622C0E753F008F0BF2 /* Frameworks */ = {
			isa = PBXFrameworksBuildPhase;
			buildActionMask = 2147483647;
			files = (
				0422F7E12C0EAAE000E90FF3 /* Alamofire in Frameworks */,
			);
			runOnlyForDeploymentPostprocessing = 0;
		};
		04A903722C0E7540008F0BF2 /* Frameworks */ = {
			isa = PBXFrameworksBuildPhase;
			buildActionMask = 2147483647;
			files = (
			);
			runOnlyForDeploymentPostprocessing = 0;
		};
/* End PBXFrameworksBuildPhase section */

/* Begin PBXGroup section */
		0422F7D22C0E94FA00E90FF3 /* search */ = {
			isa = PBXGroup;
			children = (
				040A97052C0E91E90033D05E /* AddressSearchView.swift */,
				0422F7D52C0E95C500E90FF3 /* SearchResultsView.swift */,
				0422F7D32C0E957100E90FF3 /* LocationService.swift */,
			);
			path = search;
			sourceTree = "<group>";
		};
		0422F7D72C0E966400E90FF3 /* control panel */ = {
			isa = PBXGroup;
			children = (
				04A903942C0E8381008F0BF2 /* ControlPanelView.swift */,
				0422F7DD2C0EA8B800E90FF3 /* ThermostatModel.swift */,
				0422F7DB2C0EA61D00E90FF3 /* ConnectionIndicatorView.swift */,
				0422F7D92C0E970300E90FF3 /* StepperView.swift */,
			);
			path = "control panel";
			sourceTree = "<group>";
		};
		0422F7D82C0E968000E90FF3 /* settings */ = {
			isa = PBXGroup;
			children = (
				04A9038F2C0E78CA008F0BF2 /* SettingsModel.swift */,
				04A903982C0E8417008F0BF2 /* SettingsPanelView.swift */,
			);
			path = settings;
			sourceTree = "<group>";
		};
		04A9035C2C0E753E008F0BF2 = {
			isa = PBXGroup;
			children = (
				04A903672C0E753F008F0BF2 /* thermostat */,
				04A903792C0E7540008F0BF2 /* thermostat Watch App */,
				04A903662C0E753F008F0BF2 /* Products */,
			);
			sourceTree = "<group>";
		};
		04A903662C0E753F008F0BF2 /* Products */ = {
			isa = PBXGroup;
			children = (
				04A903652C0E753F008F0BF2 /* thermostat.app */,
				04A903752C0E7540008F0BF2 /* thermostat Watch App.app */,
			);
			name = Products;
			sourceTree = "<group>";
		};
		04A903672C0E753F008F0BF2 /* thermostat */ = {
			isa = PBXGroup;
			children = (
				0422F7D72C0E966400E90FF3 /* control panel */,
				04A903932C0E7A2D008F0BF2 /* map */,
				0422F7D82C0E968000E90FF3 /* settings */,
				0422F7D22C0E94FA00E90FF3 /* search */,
				04A903682C0E753F008F0BF2 /* thermostatApp.swift */,
				04A9036A2C0E753F008F0BF2 /* ContentView.swift */,
				04A9039B2C0E84B0008F0BF2 /* ThermostatEnums.swift */,
				04A9038D2C0E77F6008F0BF2 /* Model.swift */,
				04A9036C2C0E7540008F0BF2 /* Assets.xcassets */,
				04A9036E2C0E7540008F0BF2 /* Preview Content */,
			);
			path = thermostat;
			sourceTree = "<group>";
		};
		04A9036E2C0E7540008F0BF2 /* Preview Content */ = {
			isa = PBXGroup;
			children = (
				04A9036F2C0E7540008F0BF2 /* Preview Assets.xcassets */,
			);
			path = "Preview Content";
			sourceTree = "<group>";
		};
		04A903792C0E7540008F0BF2 /* thermostat Watch App */ = {
			isa = PBXGroup;
			children = (
				04A9037A2C0E7540008F0BF2 /* thermostatApp.swift */,
				04A9037C2C0E7540008F0BF2 /* ContentView.swift */,
				04A9037E2C0E7541008F0BF2 /* Assets.xcassets */,
				04A903802C0E7541008F0BF2 /* Preview Content */,
			);
			path = "thermostat Watch App";
			sourceTree = "<group>";
		};
		04A903802C0E7541008F0BF2 /* Preview Content */ = {
			isa = PBXGroup;
			children = (
				04A903812C0E7541008F0BF2 /* Preview Assets.xcassets */,
			);
			path = "Preview Content";
			sourceTree = "<group>";
		};
		04A903932C0E7A2D008F0BF2 /* map */ = {
			isa = PBXGroup;
			children = (
				04A903962C0E83F5008F0BF2 /* MapOverwatchView.swift */,
			);
			path = map;
			sourceTree = "<group>";
		};
/* End PBXGroup section */

/* Begin PBXNativeTarget section */
		04A903642C0E753F008F0BF2 /* thermostat */ = {
			isa = PBXNativeTarget;
			buildConfigurationList = 04A903892C0E7541008F0BF2 /* Build configuration list for PBXNativeTarget "thermostat" */;
			buildPhases = (
				04A903612C0E753F008F0BF2 /* Sources */,
				04A903622C0E753F008F0BF2 /* Frameworks */,
				04A903632C0E753F008F0BF2 /* Resources */,
				04A903882C0E7541008F0BF2 /* Embed Watch Content */,
			);
			buildRules = (
			);
			dependencies = (
				04A903782C0E7540008F0BF2 /* PBXTargetDependency */,
			);
			name = thermostat;
			packageProductDependencies = (
				0422F7E02C0EAAE000E90FF3 /* Alamofire */,
			);
			productName = thermostat;
			productReference = 04A903652C0E753F008F0BF2 /* thermostat.app */;
			productType = "com.apple.product-type.application";
		};
		04A903742C0E7540008F0BF2 /* thermostat Watch App */ = {
			isa = PBXNativeTarget;
			buildConfigurationList = 04A903852C0E7541008F0BF2 /* Build configuration list for PBXNativeTarget "thermostat Watch App" */;
			buildPhases = (
				04A903712C0E7540008F0BF2 /* Sources */,
				04A903722C0E7540008F0BF2 /* Frameworks */,
				04A903732C0E7540008F0BF2 /* Resources */,
			);
			buildRules = (
			);
			dependencies = (
			);
			name = "thermostat Watch App";
			productName = "thermostat Watch App";
			productReference = 04A903752C0E7540008F0BF2 /* thermostat Watch App.app */;
			productType = "com.apple.product-type.application";
		};
/* End PBXNativeTarget section */

/* Begin PBXProject section */
		04A9035D2C0E753E008F0BF2 /* Project object */ = {
			isa = PBXProject;
			attributes = {
				BuildIndependentTargetsInParallel = 1;
				LastSwiftUpdateCheck = 1540;
				LastUpgradeCheck = 1540;
				TargetAttributes = {
					04A903642C0E753F008F0BF2 = {
						CreatedOnToolsVersion = 15.4;
					};
					04A903742C0E7540008F0BF2 = {
						CreatedOnToolsVersion = 15.4;
					};
				};
			};
			buildConfigurationList = 04A903602C0E753E008F0BF2 /* Build configuration list for PBXProject "thermostat" */;
			compatibilityVersion = "Xcode 14.0";
			developmentRegion = en;
			hasScannedForEncodings = 0;
			knownRegions = (
				en,
				Base,
			);
			mainGroup = 04A9035C2C0E753E008F0BF2;
			packageReferences = (
				0422F7DF2C0EAAE000E90FF3 /* XCRemoteSwiftPackageReference "Alamofire" */,
			);
			productRefGroup = 04A903662C0E753F008F0BF2 /* Products */;
			projectDirPath = "";
			projectRoot = "";
			targets = (
				04A903642C0E753F008F0BF2 /* thermostat */,
				04A903742C0E7540008F0BF2 /* thermostat Watch App */,
			);
		};
/* End PBXProject section */

/* Begin PBXResourcesBuildPhase section */
		04A903632C0E753F008F0BF2 /* Resources */ = {
			isa = PBXResourcesBuildPhase;
			buildActionMask = 2147483647;
			files = (
				04A903702C0E7540008F0BF2 /* Preview Assets.xcassets in Resources */,
				04A9036D2C0E7540008F0BF2 /* Assets.xcassets in Resources */,
			);
			runOnlyForDeploymentPostprocessing = 0;
		};
		04A903732C0E7540008F0BF2 /* Resources */ = {
			isa = PBXResourcesBuildPhase;
			buildActionMask = 2147483647;
			files = (
				04A903822C0E7541008F0BF2 /* Preview Assets.xcassets in Resources */,
				04A9037F2C0E7541008F0BF2 /* Assets.xcassets in Resources */,
			);
			runOnlyForDeploymentPostprocessing = 0;
		};
/* End PBXResourcesBuildPhase section */

/* Begin PBXSourcesBuildPhase section */
		04A903612C0E753F008F0BF2 /* Sources */ = {
			isa = PBXSourcesBuildPhase;
			buildActionMask = 2147483647;
			files = (
				0422F7DC2C0EA61D00E90FF3 /* ConnectionIndicatorView.swift in Sources */,
				04A903972C0E83F5008F0BF2 /* MapOverwatchView.swift in Sources */,
				0422F7D62C0E95C500E90FF3 /* SearchResultsView.swift in Sources */,
				04A9038E2C0E77F6008F0BF2 /* Model.swift in Sources */,
				0422F7DE2C0EA8B900E90FF3 /* ThermostatModel.swift in Sources */,
				04A9036B2C0E753F008F0BF2 /* ContentView.swift in Sources */,
				04A903952C0E8381008F0BF2 /* ControlPanelView.swift in Sources */,
				040A97062C0E91E90033D05E /* AddressSearchView.swift in Sources */,
				04A903902C0E78CA008F0BF2 /* SettingsModel.swift in Sources */,
				04A903992C0E8417008F0BF2 /* SettingsPanelView.swift in Sources */,
				04A903692C0E753F008F0BF2 /* thermostatApp.swift in Sources */,
				0422F7D42C0E957100E90FF3 /* LocationService.swift in Sources */,
				0422F7DA2C0E970300E90FF3 /* StepperView.swift in Sources */,
				04A9039C2C0E84B0008F0BF2 /* ThermostatEnums.swift in Sources */,
			);
			runOnlyForDeploymentPostprocessing = 0;
		};
		04A903712C0E7540008F0BF2 /* Sources */ = {
			isa = PBXSourcesBuildPhase;
			buildActionMask = 2147483647;
			files = (
				04A9037D2C0E7540008F0BF2 /* ContentView.swift in Sources */,
				04A9037B2C0E7540008F0BF2 /* thermostatApp.swift in Sources */,
			);
			runOnlyForDeploymentPostprocessing = 0;
		};
/* End PBXSourcesBuildPhase section */

/* Begin PBXTargetDependency section */
		04A903782C0E7540008F0BF2 /* PBXTargetDependency */ = {
			isa = PBXTargetDependency;
			target = 04A903742C0E7540008F0BF2 /* thermostat Watch App */;
			targetProxy = 04A903772C0E7540008F0BF2 /* PBXContainerItemProxy */;
		};
/* End PBXTargetDependency section */

/* Begin XCBuildConfiguration section */
		04A903832C0E7541008F0BF2 /* Debug */ = {
			isa = XCBuildConfiguration;
			buildSettings = {
				ALWAYS_SEARCH_USER_PATHS = NO;
				ASSETCATALOG_COMPILER_GENERATE_SWIFT_ASSET_SYMBOL_EXTENSIONS = YES;
				CLANG_ANALYZER_NONNULL = YES;
				CLANG_ANALYZER_NUMBER_OBJECT_CONVERSION = YES_AGGRESSIVE;
				CLANG_CXX_LANGUAGE_STANDARD = "gnu++20";
				CLANG_ENABLE_MODULES = YES;
				CLANG_ENABLE_OBJC_ARC = YES;
				CLANG_ENABLE_OBJC_WEAK = YES;
				CLANG_WARN_BLOCK_CAPTURE_AUTORELEASING = YES;
				CLANG_WARN_BOOL_CONVERSION = YES;
				CLANG_WARN_COMMA = YES;
				CLANG_WARN_CONSTANT_CONVERSION = YES;
				CLANG_WARN_DEPRECATED_OBJC_IMPLEMENTATIONS = YES;
				CLANG_WARN_DIRECT_OBJC_ISA_USAGE = YES_ERROR;
				CLANG_WARN_DOCUMENTATION_COMMENTS = YES;
				CLANG_WARN_EMPTY_BODY = YES;
				CLANG_WARN_ENUM_CONVERSION = YES;
				CLANG_WARN_INFINITE_RECURSION = YES;
				CLANG_WARN_INT_CONVERSION = YES;
				CLANG_WARN_NON_LITERAL_NULL_CONVERSION = YES;
				CLANG_WARN_OBJC_IMPLICIT_RETAIN_SELF = YES;
				CLANG_WARN_OBJC_LITERAL_CONVERSION = YES;
				CLANG_WARN_OBJC_ROOT_CLASS = YES_ERROR;
				CLANG_WARN_QUOTED_INCLUDE_IN_FRAMEWORK_HEADER = YES;
				CLANG_WARN_RANGE_LOOP_ANALYSIS = YES;
				CLANG_WARN_STRICT_PROTOTYPES = YES;
				CLANG_WARN_SUSPICIOUS_MOVE = YES;
				CLANG_WARN_UNGUARDED_AVAILABILITY = YES_AGGRESSIVE;
				CLANG_WARN_UNREACHABLE_CODE = YES;
				CLANG_WARN__DUPLICATE_METHOD_MATCH = YES;
				COPY_PHASE_STRIP = NO;
				DEBUG_INFORMATION_FORMAT = dwarf;
				ENABLE_STRICT_OBJC_MSGSEND = YES;
				ENABLE_TESTABILITY = YES;
				ENABLE_USER_SCRIPT_SANDBOXING = YES;
				GCC_C_LANGUAGE_STANDARD = gnu17;
				GCC_DYNAMIC_NO_PIC = NO;
				GCC_NO_COMMON_BLOCKS = YES;
				GCC_OPTIMIZATION_LEVEL = 0;
				GCC_PREPROCESSOR_DEFINITIONS = (
					"DEBUG=1",
					"$(inherited)",
				);
				GCC_WARN_64_TO_32_BIT_CONVERSION = YES;
				GCC_WARN_ABOUT_RETURN_TYPE = YES_ERROR;
				GCC_WARN_UNDECLARED_SELECTOR = YES;
				GCC_WARN_UNINITIALIZED_AUTOS = YES_AGGRESSIVE;
				GCC_WARN_UNUSED_FUNCTION = YES;
				GCC_WARN_UNUSED_VARIABLE = YES;
				LOCALIZATION_PREFERS_STRING_CATALOGS = YES;
				MTL_ENABLE_DEBUG_INFO = INCLUDE_SOURCE;
				MTL_FAST_MATH = YES;
				ONLY_ACTIVE_ARCH = YES;
				SWIFT_ACTIVE_COMPILATION_CONDITIONS = "DEBUG $(inherited)";
				SWIFT_OPTIMIZATION_LEVEL = "-Onone";
			};
			name = Debug;
		};
		04A903842C0E7541008F0BF2 /* Release */ = {
			isa = XCBuildConfiguration;
			buildSettings = {
				ALWAYS_SEARCH_USER_PATHS = NO;
				ASSETCATALOG_COMPILER_GENERATE_SWIFT_ASSET_SYMBOL_EXTENSIONS = YES;
				CLANG_ANALYZER_NONNULL = YES;
				CLANG_ANALYZER_NUMBER_OBJECT_CONVERSION = YES_AGGRESSIVE;
				CLANG_CXX_LANGUAGE_STANDARD = "gnu++20";
				CLANG_ENABLE_MODULES = YES;
				CLANG_ENABLE_OBJC_ARC = YES;
				CLANG_ENABLE_OBJC_WEAK = YES;
				CLANG_WARN_BLOCK_CAPTURE_AUTORELEASING = YES;
				CLANG_WARN_BOOL_CONVERSION = YES;
				CLANG_WARN_COMMA = YES;
				CLANG_WARN_CONSTANT_CONVERSION = YES;
				CLANG_WARN_DEPRECATED_OBJC_IMPLEMENTATIONS = YES;
				CLANG_WARN_DIRECT_OBJC_ISA_USAGE = YES_ERROR;
				CLANG_WARN_DOCUMENTATION_COMMENTS = YES;
				CLANG_WARN_EMPTY_BODY = YES;
				CLANG_WARN_ENUM_CONVERSION = YES;
				CLANG_WARN_INFINITE_RECURSION = YES;
				CLANG_WARN_INT_CONVERSION = YES;
				CLANG_WARN_NON_LITERAL_NULL_CONVERSION = YES;
				CLANG_WARN_OBJC_IMPLICIT_RETAIN_SELF = YES;
				CLANG_WARN_OBJC_LITERAL_CONVERSION = YES;
				CLANG_WARN_OBJC_ROOT_CLASS = YES_ERROR;
				CLANG_WARN_QUOTED_INCLUDE_IN_FRAMEWORK_HEADER = YES;
				CLANG_WARN_RANGE_LOOP_ANALYSIS = YES;
				CLANG_WARN_STRICT_PROTOTYPES = YES;
				CLANG_WARN_SUSPICIOUS_MOVE = YES;
				CLANG_WARN_UNGUARDED_AVAILABILITY = YES_AGGRESSIVE;
				CLANG_WARN_UNREACHABLE_CODE = YES;
				CLANG_WARN__DUPLICATE_METHOD_MATCH = YES;
				COPY_PHASE_STRIP = NO;
				DEBUG_INFORMATION_FORMAT = "dwarf-with-dsym";
				ENABLE_NS_ASSERTIONS = NO;
				ENABLE_STRICT_OBJC_MSGSEND = YES;
				ENABLE_USER_SCRIPT_SANDBOXING = YES;
				GCC_C_LANGUAGE_STANDARD = gnu17;
				GCC_NO_COMMON_BLOCKS = YES;
				GCC_WARN_64_TO_32_BIT_CONVERSION = YES;
				GCC_WARN_ABOUT_RETURN_TYPE = YES_ERROR;
				GCC_WARN_UNDECLARED_SELECTOR = YES;
				GCC_WARN_UNINITIALIZED_AUTOS = YES_AGGRESSIVE;
				GCC_WARN_UNUSED_FUNCTION = YES;
				GCC_WARN_UNUSED_VARIABLE = YES;
				LOCALIZATION_PREFERS_STRING_CATALOGS = YES;
				MTL_ENABLE_DEBUG_INFO = NO;
				MTL_FAST_MATH = YES;
				SWIFT_COMPILATION_MODE = wholemodule;
			};
			name = Release;
		};
		04A903862C0E7541008F0BF2 /* Debug */ = {
			isa = XCBuildConfiguration;
			buildSettings = {
				ASSETCATALOG_COMPILER_APPICON_NAME = AppIcon;
				ASSETCATALOG_COMPILER_GLOBAL_ACCENT_COLOR_NAME = AccentColor;
				CODE_SIGN_STYLE = Automatic;
				CURRENT_PROJECT_VERSION = 1;
				DEVELOPMENT_ASSET_PATHS = "\"thermostat Watch App/Preview Content\"";
				DEVELOPMENT_TEAM = R89BF6GQ9H;
				ENABLE_PREVIEWS = YES;
				GENERATE_INFOPLIST_FILE = YES;
				INFOPLIST_KEY_CFBundleDisplayName = thermostat;
				INFOPLIST_KEY_UISupportedInterfaceOrientations = "UIInterfaceOrientationPortrait UIInterfaceOrientationPortraitUpsideDown";
				INFOPLIST_KEY_WKCompanionAppBundleIdentifier = jackw2.thermostat;
				LD_RUNPATH_SEARCH_PATHS = (
					"$(inherited)",
					"@executable_path/Frameworks",
				);
				MARKETING_VERSION = 1.0;
				PRODUCT_BUNDLE_IDENTIFIER = jackw2.thermostat.watchkitapp;
				PRODUCT_NAME = "$(TARGET_NAME)";
				SDKROOT = watchos;
				SKIP_INSTALL = YES;
				SWIFT_EMIT_LOC_STRINGS = YES;
				SWIFT_VERSION = 5.0;
				TARGETED_DEVICE_FAMILY = 4;
				WATCHOS_DEPLOYMENT_TARGET = 10.5;
			};
			name = Debug;
		};
		04A903872C0E7541008F0BF2 /* Release */ = {
			isa = XCBuildConfiguration;
			buildSettings = {
				ASSETCATALOG_COMPILER_APPICON_NAME = AppIcon;
				ASSETCATALOG_COMPILER_GLOBAL_ACCENT_COLOR_NAME = AccentColor;
				CODE_SIGN_STYLE = Automatic;
				CURRENT_PROJECT_VERSION = 1;
				DEVELOPMENT_ASSET_PATHS = "\"thermostat Watch App/Preview Content\"";
				DEVELOPMENT_TEAM = R89BF6GQ9H;
				ENABLE_PREVIEWS = YES;
				GENERATE_INFOPLIST_FILE = YES;
				INFOPLIST_KEY_CFBundleDisplayName = thermostat;
				INFOPLIST_KEY_UISupportedInterfaceOrientations = "UIInterfaceOrientationPortrait UIInterfaceOrientationPortraitUpsideDown";
				INFOPLIST_KEY_WKCompanionAppBundleIdentifier = jackw2.thermostat;
				LD_RUNPATH_SEARCH_PATHS = (
					"$(inherited)",
					"@executable_path/Frameworks",
				);
				MARKETING_VERSION = 1.0;
				PRODUCT_BUNDLE_IDENTIFIER = jackw2.thermostat.watchkitapp;
				PRODUCT_NAME = "$(TARGET_NAME)";
				SDKROOT = watchos;
				SKIP_INSTALL = YES;
				SWIFT_EMIT_LOC_STRINGS = YES;
				SWIFT_VERSION = 5.0;
				TARGETED_DEVICE_FAMILY = 4;
				VALIDATE_PRODUCT = YES;
				WATCHOS_DEPLOYMENT_TARGET = 10.5;
			};
			name = Release;
		};
		04A9038A2C0E7541008F0BF2 /* Debug */ = {
			isa = XCBuildConfiguration;
			buildSettings = {
				ALWAYS_EMBED_SWIFT_STANDARD_LIBRARIES = YES;
				ASSETCATALOG_COMPILER_APPICON_NAME = AppIcon;
				ASSETCATALOG_COMPILER_GLOBAL_ACCENT_COLOR_NAME = AccentColor;
				CODE_SIGN_STYLE = Automatic;
				CURRENT_PROJECT_VERSION = 1;
				DEVELOPMENT_ASSET_PATHS = "\"thermostat/Preview Content\"";
				DEVELOPMENT_TEAM = R89BF6GQ9H;
				ENABLE_PREVIEWS = YES;
				GENERATE_INFOPLIST_FILE = YES;
				INFOPLIST_KEY_CFBundleDisplayName = thermostat;
				INFOPLIST_KEY_NSLocationAlwaysAndWhenInUseUsageDescription = "The app requires your location to enable and disable your thermostat.";
				INFOPLIST_KEY_NSLocationUsageDescription = "The app requires your location to enable and disable your thermostat.";
				INFOPLIST_KEY_NSLocationWhenInUseUsageDescription = "The app requires your location while in use to display the map.";
				INFOPLIST_KEY_UIApplicationSceneManifest_Generation = YES;
				INFOPLIST_KEY_UIApplicationSupportsIndirectInputEvents = YES;
				INFOPLIST_KEY_UILaunchScreen_Generation = YES;
				INFOPLIST_KEY_UISupportedInterfaceOrientations_iPad = "UIInterfaceOrientationPortrait UIInterfaceOrientationPortraitUpsideDown UIInterfaceOrientationLandscapeLeft UIInterfaceOrientationLandscapeRight";
				INFOPLIST_KEY_UISupportedInterfaceOrientations_iPhone = "UIInterfaceOrientationPortrait UIInterfaceOrientationLandscapeLeft UIInterfaceOrientationLandscapeRight";
				INFOPLIST_KEY_UIUserInterfaceStyle = Dark;
				IPHONEOS_DEPLOYMENT_TARGET = 17.5;
				LD_RUNPATH_SEARCH_PATHS = (
					"$(inherited)",
					"@executable_path/Frameworks",
				);
				MARKETING_VERSION = 1.0;
				PRODUCT_BUNDLE_IDENTIFIER = jackw2.thermostat;
				PRODUCT_NAME = "$(TARGET_NAME)";
				SDKROOT = iphoneos;
				SWIFT_EMIT_LOC_STRINGS = YES;
				SWIFT_VERSION = 5.0;
				TARGETED_DEVICE_FAMILY = "1,2";
			};
			name = Debug;
		};
		04A9038B2C0E7541008F0BF2 /* Release */ = {
			isa = XCBuildConfiguration;
			buildSettings = {
				ALWAYS_EMBED_SWIFT_STANDARD_LIBRARIES = YES;
				ASSETCATALOG_COMPILER_APPICON_NAME = AppIcon;
				ASSETCATALOG_COMPILER_GLOBAL_ACCENT_COLOR_NAME = AccentColor;
				CODE_SIGN_STYLE = Automatic;
				CURRENT_PROJECT_VERSION = 1;
				DEVELOPMENT_ASSET_PATHS = "\"thermostat/Preview Content\"";
				DEVELOPMENT_TEAM = R89BF6GQ9H;
				ENABLE_PREVIEWS = YES;
				GENERATE_INFOPLIST_FILE = YES;
				INFOPLIST_KEY_CFBundleDisplayName = thermostat;
				INFOPLIST_KEY_NSLocationAlwaysAndWhenInUseUsageDescription = "The app requires your location to enable and disable your thermostat.";
				INFOPLIST_KEY_NSLocationUsageDescription = "The app requires your location to enable and disable your thermostat.";
				INFOPLIST_KEY_NSLocationWhenInUseUsageDescription = "The app requires your location while in use to display the map.";
				INFOPLIST_KEY_UIApplicationSceneManifest_Generation = YES;
				INFOPLIST_KEY_UIApplicationSupportsIndirectInputEvents = YES;
				INFOPLIST_KEY_UILaunchScreen_Generation = YES;
				INFOPLIST_KEY_UISupportedInterfaceOrientations_iPad = "UIInterfaceOrientationPortrait UIInterfaceOrientationPortraitUpsideDown UIInterfaceOrientationLandscapeLeft UIInterfaceOrientationLandscapeRight";
				INFOPLIST_KEY_UISupportedInterfaceOrientations_iPhone = "UIInterfaceOrientationPortrait UIInterfaceOrientationLandscapeLeft UIInterfaceOrientationLandscapeRight";
				INFOPLIST_KEY_UIUserInterfaceStyle = Dark;
				IPHONEOS_DEPLOYMENT_TARGET = 17.5;
				LD_RUNPATH_SEARCH_PATHS = (
					"$(inherited)",
					"@executable_path/Frameworks",
				);
				MARKETING_VERSION = 1.0;
				PRODUCT_BUNDLE_IDENTIFIER = jackw2.thermostat;
				PRODUCT_NAME = "$(TARGET_NAME)";
				SDKROOT = iphoneos;
				SWIFT_EMIT_LOC_STRINGS = YES;
				SWIFT_VERSION = 5.0;
				TARGETED_DEVICE_FAMILY = "1,2";
				VALIDATE_PRODUCT = YES;
			};
			name = Release;
		};
/* End XCBuildConfiguration section */

/* Begin XCConfigurationList section */
		04A903602C0E753E008F0BF2 /* Build configuration list for PBXProject "thermostat" */ = {
			isa = XCConfigurationList;
			buildConfigurations = (
				04A903832C0E7541008F0BF2 /* Debug */,
				04A903842C0E7541008F0BF2 /* Release */,
			);
			defaultConfigurationIsVisible = 0;
			defaultConfigurationName = Release;
		};
		04A903852C0E7541008F0BF2 /* Build configuration list for PBXNativeTarget "thermostat Watch App" */ = {
			isa = XCConfigurationList;
			buildConfigurations = (
				04A903862C0E7541008F0BF2 /* Debug */,
				04A903872C0E7541008F0BF2 /* Release */,
			);
			defaultConfigurationIsVisible = 0;
			defaultConfigurationName = Release;
		};
		04A903892C0E7541008F0BF2 /* Build configuration list for PBXNativeTarget "thermostat" */ = {
			isa = XCConfigurationList;
			buildConfigurations = (
				04A9038A2C0E7541008F0BF2 /* Debug */,
				04A9038B2C0E7541008F0BF2 /* Release */,
			);
			defaultConfigurationIsVisible = 0;
			defaultConfigurationName = Release;
		};
/* End XCConfigurationList section */

/* Begin XCRemoteSwiftPackageReference section */
		0422F7DF2C0EAAE000E90FF3 /* XCRemoteSwiftPackageReference "Alamofire" */ = {
			isa = XCRemoteSwiftPackageReference;
			repositoryURL = "https://github.com/Alamofire/Alamofire.git";
			requirement = {
				kind = upToNextMajorVersion;
				minimumVersion = 5.9.1;
			};
		};
/* End XCRemoteSwiftPackageReference section */

/* Begin XCSwiftPackageProductDependency section */
		0422F7E02C0EAAE000E90FF3 /* Alamofire */ = {
			isa = XCSwiftPackageProductDependency;
			package = 0422F7DF2C0EAAE000E90FF3 /* XCRemoteSwiftPackageReference "Alamofire" */;
			productName = Alamofire;
		};
/* End XCSwiftPackageProductDependency section */
	};
	rootObject = 04A9035D2C0E753E008F0BF2 /* Project object */;
}
